// !$*UTF8*$!
{
	archiveVersion = 1;
	classes = {
	};
	objectVersion = 46;
	objects = {

/* Begin PBXBuildFile section */
		0448780D19CC70FB0086CE1B /* Foundation.framework in Frameworks */ = {isa = PBXBuildFile; fileRef = 0448780C19CC70FB0086CE1B /* Foundation.framework */; };
		0448780F19CC70FB0086CE1B /* CoreGraphics.framework in Frameworks */ = {isa = PBXBuildFile; fileRef = 0448780E19CC70FB0086CE1B /* CoreGraphics.framework */; };
		0448781119CC70FB0086CE1B /* UIKit.framework in Frameworks */ = {isa = PBXBuildFile; fileRef = 0448781019CC70FB0086CE1B /* UIKit.framework */; };
		0448781719CC70FB0086CE1B /* InfoPlist.strings in Resources */ = {isa = PBXBuildFile; fileRef = 0448781519CC70FB0086CE1B /* InfoPlist.strings */; };
		0448781919CC70FB0086CE1B /* main.m in Sources */ = {isa = PBXBuildFile; fileRef = 0448781819CC70FB0086CE1B /* main.m */; };
		0448781D19CC70FB0086CE1B /* AppDelegate.m in Sources */ = {isa = PBXBuildFile; fileRef = 0448781C19CC70FB0086CE1B /* AppDelegate.m */; };
		0448782019CC70FB0086CE1B /* Main.storyboard in Resources */ = {isa = PBXBuildFile; fileRef = 0448781E19CC70FB0086CE1B /* Main.storyboard */; };
		0448782319CC70FB0086CE1B /* FirstViewController.m in Sources */ = {isa = PBXBuildFile; fileRef = 0448782219CC70FB0086CE1B /* FirstViewController.m */; };
		0448782619CC70FB0086CE1B /* SecondViewController.m in Sources */ = {isa = PBXBuildFile; fileRef = 0448782519CC70FB0086CE1B /* SecondViewController.m */; };
		0448782819CC70FB0086CE1B /* Images.xcassets in Resources */ = {isa = PBXBuildFile; fileRef = 0448782719CC70FB0086CE1B /* Images.xcassets */; };
		0448782F19CC70FB0086CE1B /* XCTest.framework in Frameworks */ = {isa = PBXBuildFile; fileRef = 0448782E19CC70FB0086CE1B /* XCTest.framework */; };
		0448783019CC70FB0086CE1B /* Foundation.framework in Frameworks */ = {isa = PBXBuildFile; fileRef = 0448780C19CC70FB0086CE1B /* Foundation.framework */; };
		0448783119CC70FB0086CE1B /* UIKit.framework in Frameworks */ = {isa = PBXBuildFile; fileRef = 0448781019CC70FB0086CE1B /* UIKit.framework */; };
		0448783919CC70FB0086CE1B /* InfoPlist.strings in Resources */ = {isa = PBXBuildFile; fileRef = 0448783719CC70FB0086CE1B /* InfoPlist.strings */; };
		0448783B19CC70FB0086CE1B /* BreakRuleTests.m in Sources */ = {isa = PBXBuildFile; fileRef = 0448783A19CC70FB0086CE1B /* BreakRuleTests.m */; };
/* End PBXBuildFile section */

/* Begin PBXContainerItemProxy section */
		0448783219CC70FB0086CE1B /* PBXContainerItemProxy */ = {
			isa = PBXContainerItemProxy;
			containerPortal = 0448780119CC70FB0086CE1B /* Project object */;
			proxyType = 1;
			remoteGlobalIDString = 0448780819CC70FB0086CE1B;
			remoteInfo = BreakRule;
		};
/* End PBXContainerItemProxy section */

/* Begin PBXFileReference section */
		0448780919CC70FB0086CE1B /* BreakRule.app */ = {isa = PBXFileReference; explicitFileType = wrapper.application; includeInIndex = 0; path = BreakRule.app; sourceTree = BUILT_PRODUCTS_DIR; };
		0448780C19CC70FB0086CE1B /* Foundation.framework */ = {isa = PBXFileReference; lastKnownFileType = wrapper.framework; name = Foundation.framework; path = System/Library/Frameworks/Foundation.framework; sourceTree = SDKROOT; };
		0448780E19CC70FB0086CE1B /* CoreGraphics.framework */ = {isa = PBXFileReference; lastKnownFileType = wrapper.framework; name = CoreGraphics.framework; path = System/Library/Frameworks/CoreGraphics.framework; sourceTree = SDKROOT; };
		0448781019CC70FB0086CE1B /* UIKit.framework */ = {isa = PBXFileReference; lastKnownFileType = wrapper.framework; name = UIKit.framework; path = System/Library/Frameworks/UIKit.framework; sourceTree = SDKROOT; };
		0448781419CC70FB0086CE1B /* BreakRule-Info.plist */ = {isa = PBXFileReference; lastKnownFileType = text.plist.xml; path = "BreakRule-Info.plist"; sourceTree = "<group>"; };
		0448781619CC70FB0086CE1B /* en */ = {isa = PBXFileReference; lastKnownFileType = text.plist.strings; name = en; path = en.lproj/InfoPlist.strings; sourceTree = "<group>"; };
		0448781819CC70FB0086CE1B /* main.m */ = {isa = PBXFileReference; lastKnownFileType = sourcecode.c.objc; path = main.m; sourceTree = "<group>"; };
		0448781A19CC70FB0086CE1B /* BreakRule-Prefix.pch */ = {isa = PBXFileReference; lastKnownFileType = sourcecode.c.h; path = "BreakRule-Prefix.pch"; sourceTree = "<group>"; };
		0448781B19CC70FB0086CE1B /* AppDelegate.h */ = {isa = PBXFileReference; lastKnownFileType = sourcecode.c.h; path = AppDelegate.h; sourceTree = "<group>"; };
		0448781C19CC70FB0086CE1B /* AppDelegate.m */ = {isa = PBXFileReference; lastKnownFileType = sourcecode.c.objc; path = AppDelegate.m; sourceTree = "<group>"; };
		0448781F19CC70FB0086CE1B /* Base */ = {isa = PBXFileReference; lastKnownFileType = file.storyboard; name = Base; path = Base.lproj/Main.storyboard; sourceTree = "<group>"; };
		0448782119CC70FB0086CE1B /* FirstViewController.h */ = {isa = PBXFileReference; lastKnownFileType = sourcecode.c.h; path = FirstViewController.h; sourceTree = "<group>"; };
		0448782219CC70FB0086CE1B /* FirstViewController.m */ = {isa = PBXFileReference; lastKnownFileType = sourcecode.c.objc; path = FirstViewController.m; sourceTree = "<group>"; };
		0448782419CC70FB0086CE1B /* SecondViewController.h */ = {isa = PBXFileReference; lastKnownFileType = sourcecode.c.h; path = SecondViewController.h; sourceTree = "<group>"; };
		0448782519CC70FB0086CE1B /* SecondViewController.m */ = {isa = PBXFileReference; lastKnownFileType = sourcecode.c.objc; path = SecondViewController.m; sourceTree = "<group>"; };
		0448782719CC70FB0086CE1B /* Images.xcassets */ = {isa = PBXFileReference; lastKnownFileType = folder.assetcatalog; path = Images.xcassets; sourceTree = "<group>"; };
		0448782D19CC70FB0086CE1B /* BreakRuleTests.xctest */ = {isa = PBXFileReference; explicitFileType = wrapper.cfbundle; includeInIndex = 0; path = BreakRuleTests.xctest; sourceTree = BUILT_PRODUCTS_DIR; };
		0448782E19CC70FB0086CE1B /* XCTest.framework */ = {isa = PBXFileReference; lastKnownFileType = wrapper.framework; name = XCTest.framework; path = Library/Frameworks/XCTest.framework; sourceTree = DEVELOPER_DIR; };
		0448783619CC70FB0086CE1B /* BreakRuleTests-Info.plist */ = {isa = PBXFileReference; lastKnownFileType = text.plist.xml; path = "BreakRuleTests-Info.plist"; sourceTree = "<group>"; };
		0448783819CC70FB0086CE1B /* en */ = {isa = PBXFileReference; lastKnownFileType = text.plist.strings; name = en; path = en.lproj/InfoPlist.strings; sourceTree = "<group>"; };
		0448783A19CC70FB0086CE1B /* BreakRuleTests.m */ = {isa = PBXFileReference; lastKnownFileType = sourcecode.c.objc; path = BreakRuleTests.m; sourceTree = "<group>"; };
/* End PBXFileReference section */

/* Begin PBXFrameworksBuildPhase section */
		0448780619CC70FB0086CE1B /* Frameworks */ = {
			isa = PBXFrameworksBuildPhase;
			buildActionMask = 2147483647;
			files = (
				0448780F19CC70FB0086CE1B /* CoreGraphics.framework in Frameworks */,
				0448781119CC70FB0086CE1B /* UIKit.framework in Frameworks */,
				0448780D19CC70FB0086CE1B /* Foundation.framework in Frameworks */,
			);
			runOnlyForDeploymentPostprocessing = 0;
		};
		0448782A19CC70FB0086CE1B /* Frameworks */ = {
			isa = PBXFrameworksBuildPhase;
			buildActionMask = 2147483647;
			files = (
				0448782F19CC70FB0086CE1B /* XCTest.framework in Frameworks */,
				0448783119CC70FB0086CE1B /* UIKit.framework in Frameworks */,
				0448783019CC70FB0086CE1B /* Foundation.framework in Frameworks */,
			);
			runOnlyForDeploymentPostprocessing = 0;
		};
/* End PBXFrameworksBuildPhase section */

/* Begin PBXGroup section */
		0448780019CC70FB0086CE1B = {
			isa = PBXGroup;
			children = (
				0448781219CC70FB0086CE1B /* BreakRule */,
				0448783419CC70FB0086CE1B /* BreakRuleTests */,
				0448780B19CC70FB0086CE1B /* Frameworks */,
				0448780A19CC70FB0086CE1B /* Products */,
			);
			sourceTree = "<group>";
		};
		0448780A19CC70FB0086CE1B /* Products */ = {
			isa = PBXGroup;
			children = (
				0448780919CC70FB0086CE1B /* BreakRule.app */,
				0448782D19CC70FB0086CE1B /* BreakRuleTests.xctest */,
			);
			name = Products;
			sourceTree = "<group>";
		};
		0448780B19CC70FB0086CE1B /* Frameworks */ = {
			isa = PBXGroup;
			children = (
				0448780C19CC70FB0086CE1B /* Foundation.framework */,
				0448780E19CC70FB0086CE1B /* CoreGraphics.framework */,
				0448781019CC70FB0086CE1B /* UIKit.framework */,
				0448782E19CC70FB0086CE1B /* XCTest.framework */,
			);
			name = Frameworks;
			sourceTree = "<group>";
		};
		0448781219CC70FB0086CE1B /* BreakRule */ = {
			isa = PBXGroup;
			children = (
				0448781B19CC70FB0086CE1B /* AppDelegate.h */,
				0448781C19CC70FB0086CE1B /* AppDelegate.m */,
				0448781E19CC70FB0086CE1B /* Main.storyboard */,
				0448782119CC70FB0086CE1B /* FirstViewController.h */,
				0448782219CC70FB0086CE1B /* FirstViewController.m */,
				0448782419CC70FB0086CE1B /* SecondViewController.h */,
				0448782519CC70FB0086CE1B /* SecondViewController.m */,
				0448782719CC70FB0086CE1B /* Images.xcassets */,
				0448781319CC70FB0086CE1B /* Supporting Files */,
			);
			path = BreakRule;
			sourceTree = "<group>";
		};
		0448781319CC70FB0086CE1B /* Supporting Files */ = {
			isa = PBXGroup;
			children = (
				0448781419CC70FB0086CE1B /* BreakRule-Info.plist */,
				0448781519CC70FB0086CE1B /* InfoPlist.strings */,
				0448781819CC70FB0086CE1B /* main.m */,
				0448781A19CC70FB0086CE1B /* BreakRule-Prefix.pch */,
			);
			name = "Supporting Files";
			sourceTree = "<group>";
		};
		0448783419CC70FB0086CE1B /* BreakRuleTests */ = {
			isa = PBXGroup;
			children = (
				0448783A19CC70FB0086CE1B /* BreakRuleTests.m */,
				0448783519CC70FB0086CE1B /* Supporting Files */,
			);
			path = BreakRuleTests;
			sourceTree = "<group>";
		};
		0448783519CC70FB0086CE1B /* Supporting Files */ = {
			isa = PBXGroup;
			children = (
				0448783619CC70FB0086CE1B /* BreakRuleTests-Info.plist */,
				0448783719CC70FB0086CE1B /* InfoPlist.strings */,
			);
			name = "Supporting Files";
			sourceTree = "<group>";
		};
/* End PBXGroup section */

/* Begin PBXNativeTarget section */
		0448780819CC70FB0086CE1B /* BreakRule */ = {
			isa = PBXNativeTarget;
			buildConfigurationList = 0448783E19CC70FB0086CE1B /* Build configuration list for PBXNativeTarget "BreakRule" */;
			buildPhases = (
				0448780519CC70FB0086CE1B /* Sources */,
				0448780619CC70FB0086CE1B /* Frameworks */,
				0448780719CC70FB0086CE1B /* Resources */,
			);
			buildRules = (
			);
			dependencies = (
			);
			name = BreakRule;
			productName = BreakRule;
			productReference = 0448780919CC70FB0086CE1B /* BreakRule.app */;
			productType = "com.apple.product-type.application";
		};
		0448782C19CC70FB0086CE1B /* BreakRuleTests */ = {
			isa = PBXNativeTarget;
			buildConfigurationList = 0448784119CC70FB0086CE1B /* Build configuration list for PBXNativeTarget "BreakRuleTests" */;
			buildPhases = (
				0448782919CC70FB0086CE1B /* Sources */,
				0448782A19CC70FB0086CE1B /* Frameworks */,
				0448782B19CC70FB0086CE1B /* Resources */,
			);
			buildRules = (
			);
			dependencies = (
				0448783319CC70FB0086CE1B /* PBXTargetDependency */,
			);
			name = BreakRuleTests;
			productName = BreakRuleTests;
			productReference = 0448782D19CC70FB0086CE1B /* BreakRuleTests.xctest */;
			productType = "com.apple.product-type.bundle.unit-test";
		};
/* End PBXNativeTarget section */

/* Begin PBXProject section */
		0448780119CC70FB0086CE1B /* Project object */ = {
			isa = PBXProject;
			attributes = {
				LastUpgradeCheck = 0510;
				ORGANIZATIONNAME = "___FULLUSERNAME___";
				TargetAttributes = {
					0448782C19CC70FB0086CE1B = {
						TestTargetID = 0448780819CC70FB0086CE1B;
					};
				};
			};
			buildConfigurationList = 0448780419CC70FB0086CE1B /* Build configuration list for PBXProject "BreakRule" */;
			compatibilityVersion = "Xcode 3.2";
			developmentRegion = English;
			hasScannedForEncodings = 0;
			knownRegions = (
				en,
				Base,
			);
			mainGroup = 0448780019CC70FB0086CE1B;
			productRefGroup = 0448780A19CC70FB0086CE1B /* Products */;
			projectDirPath = "";
			projectRoot = "";
			targets = (
				0448780819CC70FB0086CE1B /* BreakRule */,
				0448782C19CC70FB0086CE1B /* BreakRuleTests */,
			);
		};
/* End PBXProject section */

/* Begin PBXResourcesBuildPhase section */
		0448780719CC70FB0086CE1B /* Resources */ = {
			isa = PBXResourcesBuildPhase;
			buildActionMask = 2147483647;
			files = (
				0448782819CC70FB0086CE1B /* Images.xcassets in Resources */,
				0448781719CC70FB0086CE1B /* InfoPlist.strings in Resources */,
				0448782019CC70FB0086CE1B /* Main.storyboard in Resources */,
			);
			runOnlyForDeploymentPostprocessing = 0;
		};
		0448782B19CC70FB0086CE1B /* Resources */ = {
			isa = PBXResourcesBuildPhase;
			buildActionMask = 2147483647;
			files = (
				0448783919CC70FB0086CE1B /* InfoPlist.strings in Resources */,
			);
			runOnlyForDeploymentPostprocessing = 0;
		};
/* End PBXResourcesBuildPhase section */

/* Begin PBXSourcesBuildPhase section */
		0448780519CC70FB0086CE1B /* Sources */ = {
			isa = PBXSourcesBuildPhase;
			buildActionMask = 2147483647;
			files = (
				0448782619CC70FB0086CE1B /* SecondViewController.m in Sources */,
				0448781D19CC70FB0086CE1B /* AppDelegate.m in Sources */,
				0448782319CC70FB0086CE1B /* FirstViewController.m in Sources */,
				0448781919CC70FB0086CE1B /* main.m in Sources */,
			);
			runOnlyForDeploymentPostprocessing = 0;
		};
		0448782919CC70FB0086CE1B /* Sources */ = {
			isa = PBXSourcesBuildPhase;
			buildActionMask = 2147483647;
			files = (
				0448783B19CC70FB0086CE1B /* BreakRuleTests.m in Sources */,
			);
			runOnlyForDeploymentPostprocessing = 0;
		};
/* End PBXSourcesBuildPhase section */

/* Begin PBXTargetDependency section */
		0448783319CC70FB0086CE1B /* PBXTargetDependency */ = {
			isa = PBXTargetDependency;
			target = 0448780819CC70FB0086CE1B /* BreakRule */;
			targetProxy = 0448783219CC70FB0086CE1B /* PBXContainerItemProxy */;
		};
/* End PBXTargetDependency section */

/* Begin PBXVariantGroup section */
		0448781519CC70FB0086CE1B /* InfoPlist.strings */ = {
			isa = PBXVariantGroup;
			children = (
				0448781619CC70FB0086CE1B /* en */,
			);
			name = InfoPlist.strings;
			sourceTree = "<group>";
		};
		0448781E19CC70FB0086CE1B /* Main.storyboard */ = {
			isa = PBXVariantGroup;
			children = (
				0448781F19CC70FB0086CE1B /* Base */,
			);
			name = Main.storyboard;
			sourceTree = "<group>";
		};
		0448783719CC70FB0086CE1B /* InfoPlist.strings */ = {
			isa = PBXVariantGroup;
			children = (
				0448783819CC70FB0086CE1B /* en */,
			);
			name = InfoPlist.strings;
			sourceTree = "<group>";
		};
/* End PBXVariantGroup section */

/* Begin XCBuildConfiguration section */
		0448783C19CC70FB0086CE1B /* Debug */ = {
			isa = XCBuildConfiguration;
			buildSettings = {
				ALWAYS_SEARCH_USER_PATHS = NO;
				CLANG_CXX_LANGUAGE_STANDARD = "gnu++0x";
				CLANG_CXX_LIBRARY = "libc++";
				CLANG_ENABLE_MODULES = YES;
				CLANG_ENABLE_OBJC_ARC = YES;
				CLANG_WARN_BOOL_CONVERSION = YES;
				CLANG_WARN_CONSTANT_CONVERSION = YES;
				CLANG_WARN_DIRECT_OBJC_ISA_USAGE = YES_ERROR;
				CLANG_WARN_EMPTY_BODY = YES;
				CLANG_WARN_ENUM_CONVERSION = YES;
				CLANG_WARN_INT_CONVERSION = YES;
				CLANG_WARN_OBJC_ROOT_CLASS = YES_ERROR;
				CLANG_WARN__DUPLICATE_METHOD_MATCH = YES;
				"CODE_SIGN_IDENTITY[sdk=iphoneos*]" = "iPhone Developer";
				COPY_PHASE_STRIP = NO;
				GCC_C_LANGUAGE_STANDARD = gnu99;
				GCC_DYNAMIC_NO_PIC = NO;
				GCC_OPTIMIZATION_LEVEL = 0;
				GCC_PREPROCESSOR_DEFINITIONS = (
					"DEBUG=1",
					"$(inherited)",
				);
				GCC_SYMBOLS_PRIVATE_EXTERN = NO;
				GCC_WARN_64_TO_32_BIT_CONVERSION = YES;
				GCC_WARN_ABOUT_RETURN_TYPE = YES_ERROR;
				GCC_WARN_UNDECLARED_SELECTOR = YES;
				GCC_WARN_UNINITIALIZED_AUTOS = YES_AGGRESSIVE;
				GCC_WARN_UNUSED_FUNCTION = YES;
				GCC_WARN_UNUSED_VARIABLE = YES;
				IPHONEOS_DEPLOYMENT_TARGET = 7.1;
				ONLY_ACTIVE_ARCH = YES;
				SDKROOT = iphoneos;
			};
			name = Debug;
		};
		0448783D19CC70FB0086CE1B /* Release */ = {
			isa = XCBuildConfiguration;
			buildSettings = {
				ALWAYS_SEARCH_USER_PATHS = NO;
				CLANG_CXX_LANGUAGE_STANDARD = "gnu++0x";
				CLANG_CXX_LIBRARY = "libc++";
				CLANG_ENABLE_MODULES = YES;
				CLANG_ENABLE_OBJC_ARC = YES;
				CLANG_WARN_BOOL_CONVERSION = YES;
				CLANG_WARN_CONSTANT_CONVERSION = YES;
				CLANG_WARN_DIRECT_OBJC_ISA_USAGE = YES_ERROR;
				CLANG_WARN_EMPTY_BODY = YES;
				CLANG_WARN_ENUM_CONVERSION = YES;
				CLANG_WARN_INT_CONVERSION = YES;
				CLANG_WARN_OBJC_ROOT_CLASS = YES_ERROR;
				CLANG_WARN__DUPLICATE_METHOD_MATCH = YES;
				"CODE_SIGN_IDENTITY[sdk=iphoneos*]" = "iPhone Developer";
				COPY_PHASE_STRIP = YES;
				ENABLE_NS_ASSERTIONS = NO;
				GCC_C_LANGUAGE_STANDARD = gnu99;
				GCC_WARN_64_TO_32_BIT_CONVERSION = YES;
				GCC_WARN_ABOUT_RETURN_TYPE = YES_ERROR;
				GCC_WARN_UNDECLARED_SELECTOR = YES;
				GCC_WARN_UNINITIALIZED_AUTOS = YES_AGGRESSIVE;
				GCC_WARN_UNUSED_FUNCTION = YES;
				GCC_WARN_UNUSED_VARIABLE = YES;
				IPHONEOS_DEPLOYMENT_TARGET = 7.1;
				SDKROOT = iphoneos;
				VALIDATE_PRODUCT = YES;
			};
			name = Release;
		};
		0448783F19CC70FB0086CE1B /* Debug */ = {
			isa = XCBuildConfiguration;
			buildSettings = {
				ASSETCATALOG_COMPILER_APPICON_NAME = AppIcon;
				ASSETCATALOG_COMPILER_LAUNCHIMAGE_NAME = LaunchImage;
				GCC_PRECOMPILE_PREFIX_HEADER = YES;
				GCC_PREFIX_HEADER = "BreakRule/BreakRule-Prefix.pch";
				INFOPLIST_FILE = "BreakRule/BreakRule-Info.plist";
				PRODUCT_NAME = "$(TARGET_NAME)";
				WRAPPER_EXTENSION = app;
			};
			name = Debug;
		};
		0448784019CC70FB0086CE1B /* Release */ = {
			isa = XCBuildConfiguration;
			buildSettings = {
				ASSETCATALOG_COMPILER_APPICON_NAME = AppIcon;
				ASSETCATALOG_COMPILER_LAUNCHIMAGE_NAME = LaunchImage;
				GCC_PRECOMPILE_PREFIX_HEADER = YES;
				GCC_PREFIX_HEADER = "BreakRule/BreakRule-Prefix.pch";
				INFOPLIST_FILE = "BreakRule/BreakRule-Info.plist";
				PRODUCT_NAME = "$(TARGET_NAME)";
				WRAPPER_EXTENSION = app;
			};
			name = Release;
		};
		0448784219CC70FB0086CE1B /* Debug */ = {
			isa = XCBuildConfiguration;
			buildSettings = {
				BUNDLE_LOADER = "$(BUILT_PRODUCTS_DIR)/BreakRule.app/BreakRule";
				FRAMEWORK_SEARCH_PATHS = (
					"$(SDKROOT)/Developer/Library/Frameworks",
					"$(inherited)",
					"$(DEVELOPER_FRAMEWORKS_DIR)",
				);
				GCC_PRECOMPILE_PREFIX_HEADER = YES;
				GCC_PREFIX_HEADER = "BreakRule/BreakRule-Prefix.pch";
				GCC_PREPROCESSOR_DEFINITIONS = (
					"DEBUG=1",
					"$(inherited)",
				);
				INFOPLIST_FILE = "BreakRuleTests/BreakRuleTests-Info.plist";
				PRODUCT_NAME = "$(TARGET_NAME)";
				TEST_HOST = "$(BUNDLE_LOADER)";
				WRAPPER_EXTENSION = xctest;
			};
			name = Debug;
		};
		0448784319CC70FB0086CE1B /* Release */ = {
			isa = XCBuildConfiguration;
			buildSettings = {
				BUNDLE_LOADER = "$(BUILT_PRODUCTS_DIR)/BreakRule.app/BreakRule";
				FRAMEWORK_SEARCH_PATHS = (
					"$(SDKROOT)/Developer/Library/Frameworks",
					"$(inherited)",
					"$(DEVELOPER_FRAMEWORKS_DIR)",
				);
				GCC_PRECOMPILE_PREFIX_HEADER = YES;
				GCC_PREFIX_HEADER = "BreakRule/BreakRule-Prefix.pch";
				INFOPLIST_FILE = "BreakRuleTests/BreakRuleTests-Info.plist";
				PRODUCT_NAME = "$(TARGET_NAME)";
				TEST_HOST = "$(BUNDLE_LOADER)";
				WRAPPER_EXTENSION = xctest;
			};
			name = Release;
		};
/* End XCBuildConfiguration section */

/* Begin XCConfigurationList section */
		0448780419CC70FB0086CE1B /* Build configuration list for PBXProject "BreakRule" */ = {
			isa = XCConfigurationList;
			buildConfigurations = (
				0448783C19CC70FB0086CE1B /* Debug */,
				0448783D19CC70FB0086CE1B /* Release */,
			);
			defaultConfigurationIsVisible = 0;
			defaultConfigurationName = Release;
		};
		0448783E19CC70FB0086CE1B /* Build configuration list for PBXNativeTarget "BreakRule" */ = {
			isa = XCConfigurationList;
			buildConfigurations = (
				0448783F19CC70FB0086CE1B /* Debug */,
				0448784019CC70FB0086CE1B /* Release */,
			);
			defaultConfigurationIsVisible = 0;
		};
		0448784119CC70FB0086CE1B /* Build configuration list for PBXNativeTarget "BreakRuleTests" */ = {
			isa = XCConfigurationList;
			buildConfigurations = (
				0448784219CC70FB0086CE1B /* Debug */,
				0448784319CC70FB0086CE1B /* Release */,
			);
			defaultConfigurationIsVisible = 0;
		};
/* End XCConfigurationList section */
	};
	rootObject = 0448780119CC70FB0086CE1B /* Project object */;
}
